# THIS IS AN AUTOGENERATED FILE. DO NOT EDIT THIS FILE DIRECTLY.
# yarn lockfile v1


ask-sdk-core@^2.3.0:
  version "2.3.0"
  resolved "https://registry.yarnpkg.com/ask-sdk-core/-/ask-sdk-core-2.3.0.tgz#0d9295930776a9c45d9d5c4f9247c648bfe7fd39"
  integrity sha512-aSc/xaY0lHZu8pmkYPR1ms72WPH73aggo7uL/k0dut6AhP3CmdU3Y9ui7IOAvRJnha0cToQ8TYU0jLEOH6MMNw==
  dependencies:
    ask-sdk-runtime "^2.2.0"

ask-sdk-model@^1.11.1:
  version "1.11.1"
  resolved "https://registry.yarnpkg.com/ask-sdk-model/-/ask-sdk-model-1.11.1.tgz#7f678351a5caf5a2fa251e8eb3f0ac31007b3948"
  integrity sha512-mdnAKjbNXToAa0lkuSJLDVNN9BtKtvJbVtg26BxZ0sRcGycLKWelyKN4K05CXcpszeQ9I0HfqVRRKCE0v3fR2g==

ask-sdk-runtime@^2.2.0:
  version "2.2.0"
  resolved "https://registry.yarnpkg.com/ask-sdk-runtime/-/ask-sdk-runtime-2.2.0.tgz#00b0dbbce9a362303045f36a4fd92024d6e8e07e"
  integrity sha512-pYqTizpk+13l7sU/bdyIZKRptyR7fP05T8OdY0/tpD8WQaCyIvPigIEHjYcXN0Yz23FkKECbIRvfXN9OQ7Ka5w==

node-fetch@^2.3.0:
  version "2.3.0"
  resolved "https://registry.yarnpkg.com/node-fetch/-/node-fetch-2.3.0.tgz#1a1d940bbfb916a1d3e0219f037e89e71f8c5fa5"
  integrity sha512-MOd8pV3fxENbryESLgVIeaGKrdl+uaYhCSSVkjeOb/31/njTpcis5aWfdqgNlHIrKOLRbMnfPINPOML2CIFeXA==
